{
  "name": "vm-pres",
  "lockfileVersion": 2,
  "requires": true,
  "packages": {
    "": {
      "dependencies": {
        "highlight.js": "^11.3.1",
        "reveal.js": "^4.2.0",
        "reveald3": "^1.5.5"
      }
    },
    "node_modules/highlight.js": {
      "version": "11.3.1",
      "resolved": "https://registry.npmjs.org/highlight.js/-/highlight.js-11.3.1.tgz",
      "integrity": "sha512-PUhCRnPjLtiLHZAQ5A/Dt5F8cWZeMyj9KRsACsWT+OD6OP0x6dp5OmT5jdx0JgEyPxPZZIPQpRN2TciUT7occw==",
      "engines": {
        "node": ">=12.0.0"
      }
    },
    "node_modules/reveal.js": {
      "version": "4.2.0",
      "resolved": "https://registry.npmjs.org/reveal.js/-/reveal.js-4.2.0.tgz",
      "integrity": "sha512-ukvq+a/kBu88jCJaQBCkYQ+vjaNUhlI50Y2GlNl4MS6OVnFHL+2Jb6XBZS4MDRWs3lLZAA3wXEu3xKFn8ebX0A==",
      "engines": {
        "node": ">=10.0.0"
      }
    },
    "node_modules/reveald3": {
      "version": "1.5.5",
      "resolved": "https://registry.npmjs.org/reveald3/-/reveald3-1.5.5.tgz",
      "integrity": "sha512-gp4ufWJg9Tf9f2rbA8EwEJc3dTlEtp8qqiZav4+ACARw+CT92SmAty8rCMHCld6KyPh1YZTLw0UtPt13sLVVxw=="
    }
  },
  "dependencies": {
    "highlight.js": {
      "version": "11.3.1",
      "resolved": "https://registry.npmjs.org/highlight.js/-/highlight.js-11.3.1.tgz",
      "integrity": "sha512-PUhCRnPjLtiLHZAQ5A/Dt5F8cWZeMyj9KRsACsWT+OD6OP0x6dp5OmT5jdx0JgEyPxPZZIPQpRN2TciUT7occw=="
    },
    "reveal.js": {
      "version": "4.2.0",
      "resolved": "https://registry.npmjs.org/reveal.js/-/reveal.js-4.2.0.tgz",
      "integrity": "sha512-ukvq+a/kBu88jCJaQBCkYQ+vjaNUhlI50Y2GlNl4MS6OVnFHL+2Jb6XBZS4MDRWs3lLZAA3wXEu3xKFn8ebX0A=="
    },
    "reveald3": {
      "version": "1.5.5",
      "resolved": "https://registry.npmjs.org/reveald3/-/reveald3-1.5.5.tgz",
      "integrity": "sha512-gp4ufWJg9Tf9f2rbA8EwEJc3dTlEtp8qqiZav4+ACARw+CT92SmAty8rCMHCld6KyPh1YZTLw0UtPt13sLVVxw=="
    }
  }
}
